
Microsoft Visual Studio Solution File, Format Version 12.00
# Visual Studio Version 17
VisualStudioVersion = 17.0.32014.148
MinimumVisualStudioVersion = 10.0.40219.1
Project("{2150E333-8FDC-42A3-9474-1A3956D46DE8}") = "Services", "Services", "{CA60663B-0A9E-4D6E-8906-27F3BE677EF1}"
EndProject
Project("{2150E333-8FDC-42A3-9474-1A3956D46DE8}") = "Catalog", "Catalog", "{44CE0355-8650-452E-9494-DF4A43651917}"
EndProject
Project("{9A19103F-16F7-4668-BE54-9A1E7A4F7556}") = "Catalog.API", "Services\Catalog\Catalog.API\Catalog.API.csproj", "{F7E9DC63-36DA-4A56-AA67-DEE0AFD98860}"
EndProject
Project("{E53339B2-1760-4266-BCC7-CA923CBCF16C}") = "docker-compose", "docker-compose.dcproj", "{E57A1995-14F5-47A3-AD90-C821CF4A57E1}"
EndProject
Project("{2150E333-8FDC-42A3-9474-1A3956D46DE8}") = "Basket", "Basket", "{839C825D-7525-4A5D-B59D-D5C5E376BA31}"
EndProject
Project("{9A19103F-16F7-4668-BE54-9A1E7A4F7556}") = "Basket.API", "Services\Basket\Basket.API\Basket.API.csproj", "{D7DF5BE9-292A-4731-993E-13F6000C4780}"
EndProject
Project("{2150E333-8FDC-42A3-9474-1A3956D46DE8}") = "Discount", "Discount", "{0500B62F-D8B1-4779-8EA7-C67E8E47A0C1}"
EndProject
Project("{9A19103F-16F7-4668-BE54-9A1E7A4F7556}") = "Discount.API", "Services\Discount\Discount.API\Discount.API.csproj", "{DDDCD600-435A-4CAB-8A7F-327451A2AB12}"
EndProject
Project("{9A19103F-16F7-4668-BE54-9A1E7A4F7556}") = "Discount.Grpc", "Services\Discount\Discount.Grpc\Discount.Grpc.csproj", "{723F6714-9624-4DD6-BF2F-94179A7AFE09}"
EndProject
Project("{2150E333-8FDC-42A3-9474-1A3956D46DE8}") = "Ordering", "Ordering", "{B206B153-2FF0-4900-85F3-FFF936FAC4EF}"
EndProject
Project("{9A19103F-16F7-4668-BE54-9A1E7A4F7556}") = "Ordering.API", "Services\Ordering\Ordering.API\Ordering.API.csproj", "{73E9727C-D6AD-475B-881F-002B45B11CF9}"
EndProject
Project("{9A19103F-16F7-4668-BE54-9A1E7A4F7556}") = "Ordering.Domain", "Services\Ordering\Ordering.Domain\Ordering.Domain.csproj", "{7F45460F-5FD4-4C27-8A47-E1197D66FB90}"
EndProject
Project("{9A19103F-16F7-4668-BE54-9A1E7A4F7556}") = "Ordering.Application", "Services\Ordering\Ordering.Application\Ordering.Application.csproj", "{D613C909-5FFB-45C3-89C4-FCB01076B711}"
EndProject
Project("{9A19103F-16F7-4668-BE54-9A1E7A4F7556}") = "Ordering.Infrastructure", "Services\Ordering\Ordering.Infrastructure\Ordering.Infrastructure.csproj", "{0D99E74D-4F3E-45D1-956E-C2E59ACD16B2}"
EndProject
Project("{2150E333-8FDC-42A3-9474-1A3956D46DE8}") = "BuildingBlocks", "BuildingBlocks", "{0B58D22E-AF50-4B97-8B72-31DD9E62B0E0}"
EndProject
Project("{FAE04EC0-301F-11D3-BF4B-00C04F79EFBC}") = "EventBus.Messages", "BuildingBlocks\EventBus.Messages\EventBus.Messages.csproj", "{50615344-45AE-4340-BFC5-0C7C49D1955F}"
EndProject
Project("{FAE04EC0-301F-11D3-BF4B-00C04F79EFBC}") = "Common.Logging", "BuildingBlocks\Common.Logging\Common.Logging.csproj", "{A19F49D8-6FE6-4047-B6F4-D0B38C5F4680}"
EndProject
Global
	GlobalSection(SolutionConfigurationPlatforms) = preSolution
		Debug|Any CPU = Debug|Any CPU
		Release|Any CPU = Release|Any CPU
	EndGlobalSection
	GlobalSection(ProjectConfigurationPlatforms) = postSolution
		{F7E9DC63-36DA-4A56-AA67-DEE0AFD98860}.Debug|Any CPU.ActiveCfg = Debug|Any CPU
		{F7E9DC63-36DA-4A56-AA67-DEE0AFD98860}.Debug|Any CPU.Build.0 = Debug|Any CPU
		{F7E9DC63-36DA-4A56-AA67-DEE0AFD98860}.Release|Any CPU.ActiveCfg = Release|Any CPU
		{F7E9DC63-36DA-4A56-AA67-DEE0AFD98860}.Release|Any CPU.Build.0 = Release|Any CPU
		{E57A1995-14F5-47A3-AD90-C821CF4A57E1}.Debug|Any CPU.ActiveCfg = Debug|Any CPU
		{E57A1995-14F5-47A3-AD90-C821CF4A57E1}.Debug|Any CPU.Build.0 = Debug|Any CPU
		{E57A1995-14F5-47A3-AD90-C821CF4A57E1}.Release|Any CPU.ActiveCfg = Release|Any CPU
		{E57A1995-14F5-47A3-AD90-C821CF4A57E1}.Release|Any CPU.Build.0 = Release|Any CPU
		{D7DF5BE9-292A-4731-993E-13F6000C4780}.Debug|Any CPU.ActiveCfg = Debug|Any CPU
		{D7DF5BE9-292A-4731-993E-13F6000C4780}.Debug|Any CPU.Build.0 = Debug|Any CPU
		{D7DF5BE9-292A-4731-993E-13F6000C4780}.Release|Any CPU.ActiveCfg = Release|Any CPU
		{D7DF5BE9-292A-4731-993E-13F6000C4780}.Release|Any CPU.Build.0 = Release|Any CPU
		{DDDCD600-435A-4CAB-8A7F-327451A2AB12}.Debug|Any CPU.ActiveCfg = Debug|Any CPU
		{DDDCD600-435A-4CAB-8A7F-327451A2AB12}.Debug|Any CPU.Build.0 = Debug|Any CPU
		{DDDCD600-435A-4CAB-8A7F-327451A2AB12}.Release|Any CPU.ActiveCfg = Release|Any CPU
		{DDDCD600-435A-4CAB-8A7F-327451A2AB12}.Release|Any CPU.Build.0 = Release|Any CPU
		{723F6714-9624-4DD6-BF2F-94179A7AFE09}.Debug|Any CPU.ActiveCfg = Debug|Any CPU
		{723F6714-9624-4DD6-BF2F-94179A7AFE09}.Debug|Any CPU.Build.0 = Debug|Any CPU
		{723F6714-9624-4DD6-BF2F-94179A7AFE09}.Release|Any CPU.ActiveCfg = Release|Any CPU
		{723F6714-9624-4DD6-BF2F-94179A7AFE09}.Release|Any CPU.Build.0 = Release|Any CPU
		{73E9727C-D6AD-475B-881F-002B45B11CF9}.Debug|Any CPU.ActiveCfg = Debug|Any CPU
		{73E9727C-D6AD-475B-881F-002B45B11CF9}.Debug|Any CPU.Build.0 = Debug|Any CPU
		{73E9727C-D6AD-475B-881F-002B45B11CF9}.Release|Any CPU.ActiveCfg = Release|Any CPU
		{73E9727C-D6AD-475B-881F-002B45B11CF9}.Release|Any CPU.Build.0 = Release|Any CPU
		{7F45460F-5FD4-4C27-8A47-E1197D66FB90}.Debug|Any CPU.ActiveCfg = Debug|Any CPU
		{7F45460F-5FD4-4C27-8A47-E1197D66FB90}.Debug|Any CPU.Build.0 = Debug|Any CPU
		{7F45460F-5FD4-4C27-8A47-E1197D66FB90}.Release|Any CPU.ActiveCfg = Release|Any CPU
		{7F45460F-5FD4-4C27-8A47-E1197D66FB90}.Release|Any CPU.Build.0 = Release|Any CPU
		{D613C909-5FFB-45C3-89C4-FCB01076B711}.Debug|Any CPU.ActiveCfg = Debug|Any CPU
		{D613C909-5FFB-45C3-89C4-FCB01076B711}.Debug|Any CPU.Build.0 = Debug|Any CPU
		{D613C909-5FFB-45C3-89C4-FCB01076B711}.Release|Any CPU.ActiveCfg = Release|Any CPU
		{D613C909-5FFB-45C3-89C4-FCB01076B711}.Release|Any CPU.Build.0 = Release|Any CPU
		{0D99E74D-4F3E-45D1-956E-C2E59ACD16B2}.Debug|Any CPU.ActiveCfg = Debug|Any CPU
		{0D99E74D-4F3E-45D1-956E-C2E59ACD16B2}.Debug|Any CPU.Build.0 = Debug|Any CPU
		{0D99E74D-4F3E-45D1-956E-C2E59ACD16B2}.Release|Any CPU.ActiveCfg = Release|Any CPU
		{0D99E74D-4F3E-45D1-956E-C2E59ACD16B2}.Release|Any CPU.Build.0 = Release|Any CPU
		{50615344-45AE-4340-BFC5-0C7C49D1955F}.Debug|Any CPU.ActiveCfg = Debug|Any CPU
		{50615344-45AE-4340-BFC5-0C7C49D1955F}.Debug|Any CPU.Build.0 = Debug|Any CPU
		{50615344-45AE-4340-BFC5-0C7C49D1955F}.Release|Any CPU.ActiveCfg = Release|Any CPU
		{50615344-45AE-4340-BFC5-0C7C49D1955F}.Release|Any CPU.Build.0 = Release|Any CPU
		{A19F49D8-6FE6-4047-B6F4-D0B38C5F4680}.Debug|Any CPU.ActiveCfg = Debug|Any CPU
		{A19F49D8-6FE6-4047-B6F4-D0B38C5F4680}.Debug|Any CPU.Build.0 = Debug|Any CPU
		{A19F49D8-6FE6-4047-B6F4-D0B38C5F4680}.Release|Any CPU.ActiveCfg = Release|Any CPU
		{A19F49D8-6FE6-4047-B6F4-D0B38C5F4680}.Release|Any CPU.Build.0 = Release|Any CPU
	EndGlobalSection
	GlobalSection(SolutionProperties) = preSolution
		HideSolutionNode = FALSE
	EndGlobalSection
	GlobalSection(NestedProjects) = preSolution
		{44CE0355-8650-452E-9494-DF4A43651917} = {CA60663B-0A9E-4D6E-8906-27F3BE677EF1}
		{F7E9DC63-36DA-4A56-AA67-DEE0AFD98860} = {44CE0355-8650-452E-9494-DF4A43651917}
		{839C825D-7525-4A5D-B59D-D5C5E376BA31} = {CA60663B-0A9E-4D6E-8906-27F3BE677EF1}
		{D7DF5BE9-292A-4731-993E-13F6000C4780} = {839C825D-7525-4A5D-B59D-D5C5E376BA31}
		{0500B62F-D8B1-4779-8EA7-C67E8E47A0C1} = {CA60663B-0A9E-4D6E-8906-27F3BE677EF1}
		{DDDCD600-435A-4CAB-8A7F-327451A2AB12} = {0500B62F-D8B1-4779-8EA7-C67E8E47A0C1}
		{723F6714-9624-4DD6-BF2F-94179A7AFE09} = {0500B62F-D8B1-4779-8EA7-C67E8E47A0C1}
		{B206B153-2FF0-4900-85F3-FFF936FAC4EF} = {CA60663B-0A9E-4D6E-8906-27F3BE677EF1}
		{73E9727C-D6AD-475B-881F-002B45B11CF9} = {B206B153-2FF0-4900-85F3-FFF936FAC4EF}
		{7F45460F-5FD4-4C27-8A47-E1197D66FB90} = {B206B153-2FF0-4900-85F3-FFF936FAC4EF}
		{D613C909-5FFB-45C3-89C4-FCB01076B711} = {B206B153-2FF0-4900-85F3-FFF936FAC4EF}
		{0D99E74D-4F3E-45D1-956E-C2E59ACD16B2} = {B206B153-2FF0-4900-85F3-FFF936FAC4EF}
		{50615344-45AE-4340-BFC5-0C7C49D1955F} = {0B58D22E-AF50-4B97-8B72-31DD9E62B0E0}
		{A19F49D8-6FE6-4047-B6F4-D0B38C5F4680} = {0B58D22E-AF50-4B97-8B72-31DD9E62B0E0}
	EndGlobalSection
	GlobalSection(ExtensibilityGlobals) = postSolution
		SolutionGuid = {AF9728E3-D4D7-48BE-B711-D4E8469DAAD9}
	EndGlobalSection
EndGlobal
